// !$*UTF8*$!
{
	archiveVersion = 1;
	classes = {
	};
	objectVersion = 56;
	objects = {

/* Begin PBXBuildFile section */
		6B082A7D2C7E2DA5000F50DC /* StreakZApp.swift in Sources */ = {isa = PBXBuildFile; fileRef = 6B082A7C2C7E2DA5000F50DC /* StreakZApp.swift */; };
		6B082A7F2C7E2DA5000F50DC /* ContentView.swift in Sources */ = {isa = PBXBuildFile; fileRef = 6B082A7E2C7E2DA5000F50DC /* ContentView.swift */; };
		6B082A812C7E2DA6000F50DC /* Assets.xcassets in Resources */ = {isa = PBXBuildFile; fileRef = 6B082A802C7E2DA6000F50DC /* Assets.xcassets */; };
		6B082A852C7E2DA6000F50DC /* Preview Assets.xcassets in Resources */ = {isa = PBXBuildFile; fileRef = 6B082A842C7E2DA6000F50DC /* Preview Assets.xcassets */; };
		6B082A8F2C7E2DA6000F50DC /* StreakZTests.swift in Sources */ = {isa = PBXBuildFile; fileRef = 6B082A8E2C7E2DA6000F50DC /* StreakZTests.swift */; };
		6B082A992C7E2DA6000F50DC /* StreakZUITests.swift in Sources */ = {isa = PBXBuildFile; fileRef = 6B082A982C7E2DA6000F50DC /* StreakZUITests.swift */; };
		6B082A9B2C7E2DA6000F50DC /* StreakZUITestsLaunchTests.swift in Sources */ = {isa = PBXBuildFile; fileRef = 6B082A9A2C7E2DA6000F50DC /* StreakZUITestsLaunchTests.swift */; };
		6B082AA92C8A36DE000F50DC /* Habits.xcdatamodeld in Sources */ = {isa = PBXBuildFile; fileRef = 6B082AA72C8A36DE000F50DC /* Habits.xcdatamodeld */; };
		6B0FB8AB2C8D06D8006DC83B /* Habit+CoreDataClass.swift in Sources */ = {isa = PBXBuildFile; fileRef = 6B0FB8A92C8D06D8006DC83B /* Habit+CoreDataClass.swift */; };
		6B0FB8AC2C8D06D8006DC83B /* Habit+CoreDataProperties.swift in Sources */ = {isa = PBXBuildFile; fileRef = 6B0FB8AA2C8D06D8006DC83B /* Habit+CoreDataProperties.swift */; };
		6B0FB8AE2C8D0CA0006DC83B /* Color+Extensions.swift in Sources */ = {isa = PBXBuildFile; fileRef = 6B0FB8AD2C8D0CA0006DC83B /* Color+Extensions.swift */; };
		6B0FB8B42C8D1417006DC83B /* CategoryHeader.swift in Sources */ = {isa = PBXBuildFile; fileRef = 6B0FB8B32C8D1417006DC83B /* CategoryHeader.swift */; };
		6B0FB8B62C8D1443006DC83B /* HabitRow.swift in Sources */ = {isa = PBXBuildFile; fileRef = 6B0FB8B52C8D1443006DC83B /* HabitRow.swift */; };
		6B9218062C8CECF7001568CF /* Persistance.swift in Sources */ = {isa = PBXBuildFile; fileRef = 6B9218052C8CECF7001568CF /* Persistance.swift */; };
		6B9218082C8CEFF0001568CF /* NewHabitView.swift in Sources */ = {isa = PBXBuildFile; fileRef = 6B9218072C8CEFF0001568CF /* NewHabitView.swift */; };
		6B92180A2C8CFAE8001568CF /* HabitCategory.swift in Sources */ = {isa = PBXBuildFile; fileRef = 6B9218092C8CFAE8001568CF /* HabitCategory.swift */; };
/* End PBXBuildFile section */

/* Begin PBXContainerItemProxy section */
		6B082A8B2C7E2DA6000F50DC /* PBXContainerItemProxy */ = {
			isa = PBXContainerItemProxy;
			containerPortal = 6B082A712C7E2DA5000F50DC /* Project object */;
			proxyType = 1;
			remoteGlobalIDString = 6B082A782C7E2DA5000F50DC;
			remoteInfo = StreakZ;
		};
		6B082A952C7E2DA6000F50DC /* PBXContainerItemProxy */ = {
			isa = PBXContainerItemProxy;
			containerPortal = 6B082A712C7E2DA5000F50DC /* Project object */;
			proxyType = 1;
			remoteGlobalIDString = 6B082A782C7E2DA5000F50DC;
			remoteInfo = StreakZ;
		};
/* End PBXContainerItemProxy section */

/* Begin PBXFileReference section */
		6B082A792C7E2DA5000F50DC /* StreakZ.app */ = {isa = PBXFileReference; explicitFileType = wrapper.application; includeInIndex = 0; path = StreakZ.app; sourceTree = BUILT_PRODUCTS_DIR; };
		6B082A7C2C7E2DA5000F50DC /* StreakZApp.swift */ = {isa = PBXFileReference; lastKnownFileType = sourcecode.swift; path = StreakZApp.swift; sourceTree = "<group>"; };
		6B082A7E2C7E2DA5000F50DC /* ContentView.swift */ = {isa = PBXFileReference; lastKnownFileType = sourcecode.swift; path = ContentView.swift; sourceTree = "<group>"; };
		6B082A802C7E2DA6000F50DC /* Assets.xcassets */ = {isa = PBXFileReference; lastKnownFileType = folder.assetcatalog; path = Assets.xcassets; sourceTree = "<group>"; };
		6B082A822C7E2DA6000F50DC /* StreakZ.entitlements */ = {isa = PBXFileReference; lastKnownFileType = text.plist.entitlements; path = StreakZ.entitlements; sourceTree = "<group>"; };
		6B082A842C7E2DA6000F50DC /* Preview Assets.xcassets */ = {isa = PBXFileReference; lastKnownFileType = folder.assetcatalog; path = "Preview Assets.xcassets"; sourceTree = "<group>"; };
		6B082A8A2C7E2DA6000F50DC /* StreakZTests.xctest */ = {isa = PBXFileReference; explicitFileType = wrapper.cfbundle; includeInIndex = 0; path = StreakZTests.xctest; sourceTree = BUILT_PRODUCTS_DIR; };
		6B082A8E2C7E2DA6000F50DC /* StreakZTests.swift */ = {isa = PBXFileReference; lastKnownFileType = sourcecode.swift; path = StreakZTests.swift; sourceTree = "<group>"; };
		6B082A942C7E2DA6000F50DC /* StreakZUITests.xctest */ = {isa = PBXFileReference; explicitFileType = wrapper.cfbundle; includeInIndex = 0; path = StreakZUITests.xctest; sourceTree = BUILT_PRODUCTS_DIR; };
		6B082A982C7E2DA6000F50DC /* StreakZUITests.swift */ = {isa = PBXFileReference; lastKnownFileType = sourcecode.swift; path = StreakZUITests.swift; sourceTree = "<group>"; };
		6B082A9A2C7E2DA6000F50DC /* StreakZUITestsLaunchTests.swift */ = {isa = PBXFileReference; lastKnownFileType = sourcecode.swift; path = StreakZUITestsLaunchTests.swift; sourceTree = "<group>"; };
		6B082AA82C8A36DE000F50DC /* Habits.xcdatamodel */ = {isa = PBXFileReference; lastKnownFileType = wrapper.xcdatamodel; path = Habits.xcdatamodel; sourceTree = "<group>"; };
		6B0FB8A92C8D06D8006DC83B /* Habit+CoreDataClass.swift */ = {isa = PBXFileReference; lastKnownFileType = sourcecode.swift; path = "Habit+CoreDataClass.swift"; sourceTree = "<group>"; };
		6B0FB8AA2C8D06D8006DC83B /* Habit+CoreDataProperties.swift */ = {isa = PBXFileReference; lastKnownFileType = sourcecode.swift; path = "Habit+CoreDataProperties.swift"; sourceTree = "<group>"; };
		6B0FB8AD2C8D0CA0006DC83B /* Color+Extensions.swift */ = {isa = PBXFileReference; lastKnownFileType = sourcecode.swift; path = "Color+Extensions.swift"; sourceTree = "<group>"; };
		6B0FB8B32C8D1417006DC83B /* CategoryHeader.swift */ = {isa = PBXFileReference; lastKnownFileType = sourcecode.swift; path = CategoryHeader.swift; sourceTree = "<group>"; };
		6B0FB8B52C8D1443006DC83B /* HabitRow.swift */ = {isa = PBXFileReference; lastKnownFileType = sourcecode.swift; path = HabitRow.swift; sourceTree = "<group>"; };
		6B9218052C8CECF7001568CF /* Persistance.swift */ = {isa = PBXFileReference; fileEncoding = 4; lastKnownFileType = sourcecode.swift; path = Persistance.swift; sourceTree = "<group>"; };
		6B9218072C8CEFF0001568CF /* NewHabitView.swift */ = {isa = PBXFileReference; lastKnownFileType = sourcecode.swift; path = NewHabitView.swift; sourceTree = "<group>"; };
		6B9218092C8CFAE8001568CF /* HabitCategory.swift */ = {isa = PBXFileReference; lastKnownFileType = sourcecode.swift; path = HabitCategory.swift; sourceTree = "<group>"; };
/* End PBXFileReference section */

/* Begin PBXFrameworksBuildPhase section */
		6B082A762C7E2DA5000F50DC /* Frameworks */ = {
			isa = PBXFrameworksBuildPhase;
			buildActionMask = 2147483647;
			files = (
			);
			runOnlyForDeploymentPostprocessing = 0;
		};
		6B082A872C7E2DA6000F50DC /* Frameworks */ = {
			isa = PBXFrameworksBuildPhase;
			buildActionMask = 2147483647;
			files = (
			);
			runOnlyForDeploymentPostprocessing = 0;
		};
		6B082A912C7E2DA6000F50DC /* Frameworks */ = {
			isa = PBXFrameworksBuildPhase;
			buildActionMask = 2147483647;
			files = (
			);
			runOnlyForDeploymentPostprocessing = 0;
		};
/* End PBXFrameworksBuildPhase section */

/* Begin PBXGroup section */
		6B082A702C7E2DA5000F50DC = {
			isa = PBXGroup;
			children = (
				6B082A7B2C7E2DA5000F50DC /* StreakZ */,
				6B082A8D2C7E2DA6000F50DC /* StreakZTests */,
				6B082A972C7E2DA6000F50DC /* StreakZUITests */,
				6B082A7A2C7E2DA5000F50DC /* Products */,
			);
			sourceTree = "<group>";
		};
		6B082A7A2C7E2DA5000F50DC /* Products */ = {
			isa = PBXGroup;
			children = (
				6B082A792C7E2DA5000F50DC /* StreakZ.app */,
				6B082A8A2C7E2DA6000F50DC /* StreakZTests.xctest */,
				6B082A942C7E2DA6000F50DC /* StreakZUITests.xctest */,
			);
			name = Products;
			sourceTree = "<group>";
		};
		6B082A7B2C7E2DA5000F50DC /* StreakZ */ = {
			isa = PBXGroup;
			children = (
				6B0FB8B12C8D12B6006DC83B /* Utilities */,
				6B0FB8B02C8D1279006DC83B /* Views */,
				6B0FB8AF2C8D1262006DC83B /* Models */,
				6B082A7C2C7E2DA5000F50DC /* StreakZApp.swift */,
				6B082A802C7E2DA6000F50DC /* Assets.xcassets */,
				6B082A822C7E2DA6000F50DC /* StreakZ.entitlements */,
				6B082A832C7E2DA6000F50DC /* Preview Content */,
			);
			path = StreakZ;
			sourceTree = "<group>";
		};
		6B082A832C7E2DA6000F50DC /* Preview Content */ = {
			isa = PBXGroup;
			children = (
				6B082A842C7E2DA6000F50DC /* Preview Assets.xcassets */,
			);
			path = "Preview Content";
			sourceTree = "<group>";
		};
		6B082A8D2C7E2DA6000F50DC /* StreakZTests */ = {
			isa = PBXGroup;
			children = (
				6B082A8E2C7E2DA6000F50DC /* StreakZTests.swift */,
			);
			path = StreakZTests;
			sourceTree = "<group>";
		};
		6B082A972C7E2DA6000F50DC /* StreakZUITests */ = {
			isa = PBXGroup;
			children = (
				6B082A982C7E2DA6000F50DC /* StreakZUITests.swift */,
				6B082A9A2C7E2DA6000F50DC /* StreakZUITestsLaunchTests.swift */,
			);
			path = StreakZUITests;
			sourceTree = "<group>";
		};
		6B0FB8AF2C8D1262006DC83B /* Models */ = {
			isa = PBXGroup;
			children = (
				6B082AA72C8A36DE000F50DC /* Habits.xcdatamodeld */,
				6B9218092C8CFAE8001568CF /* HabitCategory.swift */,
				6B0FB8A92C8D06D8006DC83B /* Habit+CoreDataClass.swift */,
				6B0FB8AA2C8D06D8006DC83B /* Habit+CoreDataProperties.swift */,
				6B9218052C8CECF7001568CF /* Persistance.swift */,
			);
			path = Models;
			sourceTree = "<group>";
		};
		6B0FB8B02C8D1279006DC83B /* Views */ = {
			isa = PBXGroup;
			children = (
				6B0FB8B22C8D13B2006DC83B /* Components */,
				6B082A7E2C7E2DA5000F50DC /* ContentView.swift */,
				6B9218072C8CEFF0001568CF /* NewHabitView.swift */,
			);
			path = Views;
			sourceTree = "<group>";
		};
		6B0FB8B12C8D12B6006DC83B /* Utilities */ = {
			isa = PBXGroup;
			children = (
				6B0FB8AD2C8D0CA0006DC83B /* Color+Extensions.swift */,
			);
			path = Utilities;
			sourceTree = "<group>";
		};
		6B0FB8B22C8D13B2006DC83B /* Components */ = {
			isa = PBXGroup;
			children = (
				6B0FB8B32C8D1417006DC83B /* CategoryHeader.swift */,
				6B0FB8B52C8D1443006DC83B /* HabitRow.swift */,
			);
			path = Components;
			sourceTree = "<group>";
		};
/* End PBXGroup section */

/* Begin PBXNativeTarget section */
		6B082A782C7E2DA5000F50DC /* StreakZ */ = {
			isa = PBXNativeTarget;
			buildConfigurationList = 6B082A9E2C7E2DA6000F50DC /* Build configuration list for PBXNativeTarget "StreakZ" */;
			buildPhases = (
				6B082A752C7E2DA5000F50DC /* Sources */,
				6B082A762C7E2DA5000F50DC /* Frameworks */,
				6B082A772C7E2DA5000F50DC /* Resources */,
			);
			buildRules = (
			);
			dependencies = (
			);
			name = StreakZ;
			productName = StreakZ;
			productReference = 6B082A792C7E2DA5000F50DC /* StreakZ.app */;
			productType = "com.apple.product-type.application";
		};
		6B082A892C7E2DA6000F50DC /* StreakZTests */ = {
			isa = PBXNativeTarget;
			buildConfigurationList = 6B082AA12C7E2DA6000F50DC /* Build configuration list for PBXNativeTarget "StreakZTests" */;
			buildPhases = (
				6B082A862C7E2DA6000F50DC /* Sources */,
				6B082A872C7E2DA6000F50DC /* Frameworks */,
				6B082A882C7E2DA6000F50DC /* Resources */,
			);
			buildRules = (
			);
			dependencies = (
				6B082A8C2C7E2DA6000F50DC /* PBXTargetDependency */,
			);
			name = StreakZTests;
			productName = StreakZTests;
			productReference = 6B082A8A2C7E2DA6000F50DC /* StreakZTests.xctest */;
			productType = "com.apple.product-type.bundle.unit-test";
		};
		6B082A932C7E2DA6000F50DC /* StreakZUITests */ = {
			isa = PBXNativeTarget;
			buildConfigurationList = 6B082AA42C7E2DA6000F50DC /* Build configuration list for PBXNativeTarget "StreakZUITests" */;
			buildPhases = (
				6B082A902C7E2DA6000F50DC /* Sources */,
				6B082A912C7E2DA6000F50DC /* Frameworks */,
				6B082A922C7E2DA6000F50DC /* Resources */,
			);
			buildRules = (
			);
			dependencies = (
				6B082A962C7E2DA6000F50DC /* PBXTargetDependency */,
			);
			name = StreakZUITests;
			productName = StreakZUITests;
			productReference = 6B082A942C7E2DA6000F50DC /* StreakZUITests.xctest */;
			productType = "com.apple.product-type.bundle.ui-testing";
		};
/* End PBXNativeTarget section */

/* Begin PBXProject section */
		6B082A712C7E2DA5000F50DC /* Project object */ = {
			isa = PBXProject;
			attributes = {
				BuildIndependentTargetsInParallel = 1;
				LastSwiftUpdateCheck = 1540;
				LastUpgradeCheck = 1540;
				TargetAttributes = {
					6B082A782C7E2DA5000F50DC = {
						CreatedOnToolsVersion = 15.4;
					};
					6B082A892C7E2DA6000F50DC = {
						CreatedOnToolsVersion = 15.4;
						TestTargetID = 6B082A782C7E2DA5000F50DC;
					};
					6B082A932C7E2DA6000F50DC = {
						CreatedOnToolsVersion = 15.4;
						TestTargetID = 6B082A782C7E2DA5000F50DC;
					};
				};
			};
			buildConfigurationList = 6B082A742C7E2DA5000F50DC /* Build configuration list for PBXProject "StreakZ" */;
			compatibilityVersion = "Xcode 14.0";
			developmentRegion = en;
			hasScannedForEncodings = 0;
			knownRegions = (
				en,
				Base,
			);
			mainGroup = 6B082A702C7E2DA5000F50DC;
			productRefGroup = 6B082A7A2C7E2DA5000F50DC /* Products */;
			projectDirPath = "";
			projectRoot = "";
			targets = (
				6B082A782C7E2DA5000F50DC /* StreakZ */,
				6B082A892C7E2DA6000F50DC /* StreakZTests */,
				6B082A932C7E2DA6000F50DC /* StreakZUITests */,
			);
		};
/* End PBXProject section */

/* Begin PBXResourcesBuildPhase section */
		6B082A772C7E2DA5000F50DC /* Resources */ = {
			isa = PBXResourcesBuildPhase;
			buildActionMask = 2147483647;
			files = (
				6B082A852C7E2DA6000F50DC /* Preview Assets.xcassets in Resources */,
				6B082A812C7E2DA6000F50DC /* Assets.xcassets in Resources */,
			);
			runOnlyForDeploymentPostprocessing = 0;
		};
		6B082A882C7E2DA6000F50DC /* Resources */ = {
			isa = PBXResourcesBuildPhase;
			buildActionMask = 2147483647;
			files = (
			);
			runOnlyForDeploymentPostprocessing = 0;
		};
		6B082A922C7E2DA6000F50DC /* Resources */ = {
			isa = PBXResourcesBuildPhase;
			buildActionMask = 2147483647;
			files = (
			);
			runOnlyForDeploymentPostprocessing = 0;
		};
/* End PBXResourcesBuildPhase section */

/* Begin PBXSourcesBuildPhase section */
		6B082A752C7E2DA5000F50DC /* Sources */ = {
			isa = PBXSourcesBuildPhase;
			buildActionMask = 2147483647;
			files = (
				6B082A7F2C7E2DA5000F50DC /* ContentView.swift in Sources */,
				6B0FB8B62C8D1443006DC83B /* HabitRow.swift in Sources */,
				6B9218062C8CECF7001568CF /* Persistance.swift in Sources */,
				6B0FB8AB2C8D06D8006DC83B /* Habit+CoreDataClass.swift in Sources */,
				6B0FB8AC2C8D06D8006DC83B /* Habit+CoreDataProperties.swift in Sources */,
				6B0FB8B42C8D1417006DC83B /* CategoryHeader.swift in Sources */,
				6B0FB8AE2C8D0CA0006DC83B /* Color+Extensions.swift in Sources */,
				6B082A7D2C7E2DA5000F50DC /* StreakZApp.swift in Sources */,
				6B9218082C8CEFF0001568CF /* NewHabitView.swift in Sources */,
				6B92180A2C8CFAE8001568CF /* HabitCategory.swift in Sources */,
				6B082AA92C8A36DE000F50DC /* Habits.xcdatamodeld in Sources */,
			);
			runOnlyForDeploymentPostprocessing = 0;
		};
		6B082A862C7E2DA6000F50DC /* Sources */ = {
			isa = PBXSourcesBuildPhase;
			buildActionMask = 2147483647;
			files = (
				6B082A8F2C7E2DA6000F50DC /* StreakZTests.swift in Sources */,
			);
			runOnlyForDeploymentPostprocessing = 0;
		};
		6B082A902C7E2DA6000F50DC /* Sources */ = {
			isa = PBXSourcesBuildPhase;
			buildActionMask = 2147483647;
			files = (
				6B082A992C7E2DA6000F50DC /* StreakZUITests.swift in Sources */,
				6B082A9B2C7E2DA6000F50DC /* StreakZUITestsLaunchTests.swift in Sources */,
			);
			runOnlyForDeploymentPostprocessing = 0;
		};
/* End PBXSourcesBuildPhase section */

/* Begin PBXTargetDependency section */
		6B082A8C2C7E2DA6000F50DC /* PBXTargetDependency */ = {
			isa = PBXTargetDependency;
			target = 6B082A782C7E2DA5000F50DC /* StreakZ */;
			targetProxy = 6B082A8B2C7E2DA6000F50DC /* PBXContainerItemProxy */;
		};
		6B082A962C7E2DA6000F50DC /* PBXTargetDependency */ = {
			isa = PBXTargetDependency;
			target = 6B082A782C7E2DA5000F50DC /* StreakZ */;
			targetProxy = 6B082A952C7E2DA6000F50DC /* PBXContainerItemProxy */;
		};
/* End PBXTargetDependency section */

/* Begin XCBuildConfiguration section */
		6B082A9C2C7E2DA6000F50DC /* Debug */ = {
			isa = XCBuildConfiguration;
			buildSettings = {
				ALWAYS_SEARCH_USER_PATHS = NO;
				ASSETCATALOG_COMPILER_GENERATE_SWIFT_ASSET_SYMBOL_EXTENSIONS = YES;
				CLANG_ANALYZER_NONNULL = YES;
				CLANG_ANALYZER_NUMBER_OBJECT_CONVERSION = YES_AGGRESSIVE;
				CLANG_CXX_LANGUAGE_STANDARD = "gnu++20";
				CLANG_ENABLE_MODULES = YES;
				CLANG_ENABLE_OBJC_ARC = YES;
				CLANG_ENABLE_OBJC_WEAK = YES;
				CLANG_WARN_BLOCK_CAPTURE_AUTORELEASING = YES;
				CLANG_WARN_BOOL_CONVERSION = YES;
				CLANG_WARN_COMMA = YES;
				CLANG_WARN_CONSTANT_CONVERSION = YES;
				CLANG_WARN_DEPRECATED_OBJC_IMPLEMENTATIONS = YES;
				CLANG_WARN_DIRECT_OBJC_ISA_USAGE = YES_ERROR;
				CLANG_WARN_DOCUMENTATION_COMMENTS = YES;
				CLANG_WARN_EMPTY_BODY = YES;
				CLANG_WARN_ENUM_CONVERSION = YES;
				CLANG_WARN_INFINITE_RECURSION = YES;
				CLANG_WARN_INT_CONVERSION = YES;
				CLANG_WARN_NON_LITERAL_NULL_CONVERSION = YES;
				CLANG_WARN_OBJC_IMPLICIT_RETAIN_SELF = YES;
				CLANG_WARN_OBJC_LITERAL_CONVERSION = YES;
				CLANG_WARN_OBJC_ROOT_CLASS = YES_ERROR;
				CLANG_WARN_QUOTED_INCLUDE_IN_FRAMEWORK_HEADER = YES;
				CLANG_WARN_RANGE_LOOP_ANALYSIS = YES;
				CLANG_WARN_STRICT_PROTOTYPES = YES;
				CLANG_WARN_SUSPICIOUS_MOVE = YES;
				CLANG_WARN_UNGUARDED_AVAILABILITY = YES_AGGRESSIVE;
				CLANG_WARN_UNREACHABLE_CODE = YES;
				CLANG_WARN__DUPLICATE_METHOD_MATCH = YES;
				COPY_PHASE_STRIP = NO;
				DEAD_CODE_STRIPPING = YES;
				DEBUG_INFORMATION_FORMAT = dwarf;
				ENABLE_STRICT_OBJC_MSGSEND = YES;
				ENABLE_TESTABILITY = YES;
				ENABLE_USER_SCRIPT_SANDBOXING = YES;
				GCC_C_LANGUAGE_STANDARD = gnu17;
				GCC_DYNAMIC_NO_PIC = NO;
				GCC_NO_COMMON_BLOCKS = YES;
				GCC_OPTIMIZATION_LEVEL = 0;
				GCC_PREPROCESSOR_DEFINITIONS = (
					"DEBUG=1",
					"$(inherited)",
				);
				GCC_WARN_64_TO_32_BIT_CONVERSION = YES;
				GCC_WARN_ABOUT_RETURN_TYPE = YES_ERROR;
				GCC_WARN_UNDECLARED_SELECTOR = YES;
				GCC_WARN_UNINITIALIZED_AUTOS = YES_AGGRESSIVE;
				GCC_WARN_UNUSED_FUNCTION = YES;
				GCC_WARN_UNUSED_VARIABLE = YES;
				LOCALIZATION_PREFERS_STRING_CATALOGS = YES;
				MTL_ENABLE_DEBUG_INFO = INCLUDE_SOURCE;
				MTL_FAST_MATH = YES;
				ONLY_ACTIVE_ARCH = YES;
				SWIFT_ACTIVE_COMPILATION_CONDITIONS = "DEBUG $(inherited)";
				SWIFT_OPTIMIZATION_LEVEL = "-Onone";
			};
			name = Debug;
		};
		6B082A9D2C7E2DA6000F50DC /* Release */ = {
			isa = XCBuildConfiguration;
			buildSettings = {
				ALWAYS_SEARCH_USER_PATHS = NO;
				ASSETCATALOG_COMPILER_GENERATE_SWIFT_ASSET_SYMBOL_EXTENSIONS = YES;
				CLANG_ANALYZER_NONNULL = YES;
				CLANG_ANALYZER_NUMBER_OBJECT_CONVERSION = YES_AGGRESSIVE;
				CLANG_CXX_LANGUAGE_STANDARD = "gnu++20";
				CLANG_ENABLE_MODULES = YES;
				CLANG_ENABLE_OBJC_ARC = YES;
				CLANG_ENABLE_OBJC_WEAK = YES;
				CLANG_WARN_BLOCK_CAPTURE_AUTORELEASING = YES;
				CLANG_WARN_BOOL_CONVERSION = YES;
				CLANG_WARN_COMMA = YES;
				CLANG_WARN_CONSTANT_CONVERSION = YES;
				CLANG_WARN_DEPRECATED_OBJC_IMPLEMENTATIONS = YES;
				CLANG_WARN_DIRECT_OBJC_ISA_USAGE = YES_ERROR;
				CLANG_WARN_DOCUMENTATION_COMMENTS = YES;
				CLANG_WARN_EMPTY_BODY = YES;
				CLANG_WARN_ENUM_CONVERSION = YES;
				CLANG_WARN_INFINITE_RECURSION = YES;
				CLANG_WARN_INT_CONVERSION = YES;
				CLANG_WARN_NON_LITERAL_NULL_CONVERSION = YES;
				CLANG_WARN_OBJC_IMPLICIT_RETAIN_SELF = YES;
				CLANG_WARN_OBJC_LITERAL_CONVERSION = YES;
				CLANG_WARN_OBJC_ROOT_CLASS = YES_ERROR;
				CLANG_WARN_QUOTED_INCLUDE_IN_FRAMEWORK_HEADER = YES;
				CLANG_WARN_RANGE_LOOP_ANALYSIS = YES;
				CLANG_WARN_STRICT_PROTOTYPES = YES;
				CLANG_WARN_SUSPICIOUS_MOVE = YES;
				CLANG_WARN_UNGUARDED_AVAILABILITY = YES_AGGRESSIVE;
				CLANG_WARN_UNREACHABLE_CODE = YES;
				CLANG_WARN__DUPLICATE_METHOD_MATCH = YES;
				COPY_PHASE_STRIP = NO;
				DEAD_CODE_STRIPPING = YES;
				DEBUG_INFORMATION_FORMAT = "dwarf-with-dsym";
				ENABLE_NS_ASSERTIONS = NO;
				ENABLE_STRICT_OBJC_MSGSEND = YES;
				ENABLE_USER_SCRIPT_SANDBOXING = YES;
				GCC_C_LANGUAGE_STANDARD = gnu17;
				GCC_NO_COMMON_BLOCKS = YES;
				GCC_WARN_64_TO_32_BIT_CONVERSION = YES;
				GCC_WARN_ABOUT_RETURN_TYPE = YES_ERROR;
				GCC_WARN_UNDECLARED_SELECTOR = YES;
				GCC_WARN_UNINITIALIZED_AUTOS = YES_AGGRESSIVE;
				GCC_WARN_UNUSED_FUNCTION = YES;
				GCC_WARN_UNUSED_VARIABLE = YES;
				LOCALIZATION_PREFERS_STRING_CATALOGS = YES;
				MTL_ENABLE_DEBUG_INFO = NO;
				MTL_FAST_MATH = YES;
				SWIFT_COMPILATION_MODE = wholemodule;
			};
			name = Release;
		};
		6B082A9F2C7E2DA6000F50DC /* Debug */ = {
			isa = XCBuildConfiguration;
			buildSettings = {
				ASSETCATALOG_COMPILER_APPICON_NAME = AppIcon;
				ASSETCATALOG_COMPILER_GLOBAL_ACCENT_COLOR_NAME = AccentColor;
				CODE_SIGN_ENTITLEMENTS = StreakZ/StreakZ.entitlements;
				CODE_SIGN_STYLE = Automatic;
				CURRENT_PROJECT_VERSION = 1;
				DEAD_CODE_STRIPPING = YES;
				DEVELOPMENT_ASSET_PATHS = "\"StreakZ/Preview Content\"";
				ENABLE_PREVIEWS = YES;
				GENERATE_INFOPLIST_FILE = YES;
				"INFOPLIST_KEY_UIApplicationSceneManifest_Generation[sdk=iphoneos*]" = YES;
				"INFOPLIST_KEY_UIApplicationSceneManifest_Generation[sdk=iphonesimulator*]" = YES;
				"INFOPLIST_KEY_UIApplicationSupportsIndirectInputEvents[sdk=iphoneos*]" = YES;
				"INFOPLIST_KEY_UIApplicationSupportsIndirectInputEvents[sdk=iphonesimulator*]" = YES;
				"INFOPLIST_KEY_UILaunchScreen_Generation[sdk=iphoneos*]" = YES;
				"INFOPLIST_KEY_UILaunchScreen_Generation[sdk=iphonesimulator*]" = YES;
				"INFOPLIST_KEY_UIStatusBarStyle[sdk=iphoneos*]" = UIStatusBarStyleDefault;
				"INFOPLIST_KEY_UIStatusBarStyle[sdk=iphonesimulator*]" = UIStatusBarStyleDefault;
				INFOPLIST_KEY_UISupportedInterfaceOrientations_iPad = "UIInterfaceOrientationPortrait UIInterfaceOrientationPortraitUpsideDown UIInterfaceOrientationLandscapeLeft UIInterfaceOrientationLandscapeRight";
				INFOPLIST_KEY_UISupportedInterfaceOrientations_iPhone = "UIInterfaceOrientationPortrait UIInterfaceOrientationLandscapeLeft UIInterfaceOrientationLandscapeRight";
				IPHONEOS_DEPLOYMENT_TARGET = 17.5;
				LD_RUNPATH_SEARCH_PATHS = "@executable_path/Frameworks";
				"LD_RUNPATH_SEARCH_PATHS[sdk=macosx*]" = "@executable_path/../Frameworks";
				MACOSX_DEPLOYMENT_TARGET = 14.5;
				MARKETING_VERSION = 1.0;
				PRODUCT_BUNDLE_IDENTIFIER = de.StreakZ;
				PRODUCT_NAME = "$(TARGET_NAME)";
				SDKROOT = auto;
				SUPPORTED_PLATFORMS = "iphoneos iphonesimulator macosx";
				SWIFT_EMIT_LOC_STRINGS = YES;
				SWIFT_VERSION = 5.0;
				TARGETED_DEVICE_FAMILY = "1,2";
			};
			name = Debug;
		};
		6B082AA02C7E2DA6000F50DC /* Release */ = {
			isa = XCBuildConfiguration;
			buildSettings = {
				ASSETCATALOG_COMPILER_APPICON_NAME = AppIcon;
				ASSETCATALOG_COMPILER_GLOBAL_ACCENT_COLOR_NAME = AccentColor;
				CODE_SIGN_ENTITLEMENTS = StreakZ/StreakZ.entitlements;
				CODE_SIGN_STYLE = Automatic;
				CURRENT_PROJECT_VERSION = 1;
				DEAD_CODE_STRIPPING = YES;
				DEVELOPMENT_ASSET_PATHS = "\"StreakZ/Preview Content\"";
				ENABLE_PREVIEWS = YES;
				GENERATE_INFOPLIST_FILE = YES;
				"INFOPLIST_KEY_UIApplicationSceneManifest_Generation[sdk=iphoneos*]" = YES;
				"INFOPLIST_KEY_UIApplicationSceneManifest_Generation[sdk=iphonesimulator*]" = YES;
				"INFOPLIST_KEY_UIApplicationSupportsIndirectInputEvents[sdk=iphoneos*]" = YES;
				"INFOPLIST_KEY_UIApplicationSupportsIndirectInputEvents[sdk=iphonesimulator*]" = YES;
				"INFOPLIST_KEY_UILaunchScreen_Generation[sdk=iphoneos*]" = YES;
				"INFOPLIST_KEY_UILaunchScreen_Generation[sdk=iphonesimulator*]" = YES;
				"INFOPLIST_KEY_UIStatusBarStyle[sdk=iphoneos*]" = UIStatusBarStyleDefault;
				"INFOPLIST_KEY_UIStatusBarStyle[sdk=iphonesimulator*]" = UIStatusBarStyleDefault;
				INFOPLIST_KEY_UISupportedInterfaceOrientations_iPad = "UIInterfaceOrientationPortrait UIInterfaceOrientationPortraitUpsideDown UIInterfaceOrientationLandscapeLeft UIInterfaceOrientationLandscapeRight";
				INFOPLIST_KEY_UISupportedInterfaceOrientations_iPhone = "UIInterfaceOrientationPortrait UIInterfaceOrientationLandscapeLeft UIInterfaceOrientationLandscapeRight";
				IPHONEOS_DEPLOYMENT_TARGET = 17.5;
				LD_RUNPATH_SEARCH_PATHS = "@executable_path/Frameworks";
				"LD_RUNPATH_SEARCH_PATHS[sdk=macosx*]" = "@executable_path/../Frameworks";
				MACOSX_DEPLOYMENT_TARGET = 14.5;
				MARKETING_VERSION = 1.0;
				PRODUCT_BUNDLE_IDENTIFIER = de.StreakZ;
				PRODUCT_NAME = "$(TARGET_NAME)";
				SDKROOT = auto;
				SUPPORTED_PLATFORMS = "iphoneos iphonesimulator macosx";
				SWIFT_EMIT_LOC_STRINGS = YES;
				SWIFT_VERSION = 5.0;
				TARGETED_DEVICE_FAMILY = "1,2";
			};
			name = Release;
		};
		6B082AA22C7E2DA6000F50DC /* Debug */ = {
			isa = XCBuildConfiguration;
			buildSettings = {
				ALWAYS_EMBED_SWIFT_STANDARD_LIBRARIES = YES;
				BUNDLE_LOADER = "$(TEST_HOST)";
				CODE_SIGN_STYLE = Automatic;
				CURRENT_PROJECT_VERSION = 1;
				DEAD_CODE_STRIPPING = YES;
				GENERATE_INFOPLIST_FILE = YES;
				IPHONEOS_DEPLOYMENT_TARGET = 17.5;
				MACOSX_DEPLOYMENT_TARGET = 14.5;
				MARKETING_VERSION = 1.0;
				PRODUCT_BUNDLE_IDENTIFIER = de.StreakZTests;
				PRODUCT_NAME = "$(TARGET_NAME)";
				SDKROOT = auto;
				SUPPORTED_PLATFORMS = "iphoneos iphonesimulator macosx";
				SWIFT_EMIT_LOC_STRINGS = NO;
				SWIFT_VERSION = 5.0;
				TARGETED_DEVICE_FAMILY = "1,2";
				TEST_HOST = "$(BUILT_PRODUCTS_DIR)/StreakZ.app/$(BUNDLE_EXECUTABLE_FOLDER_PATH)/StreakZ";
			};
			name = Debug;
		};
		6B082AA32C7E2DA6000F50DC /* Release */ = {
			isa = XCBuildConfiguration;
			buildSettings = {
				ALWAYS_EMBED_SWIFT_STANDARD_LIBRARIES = YES;
				BUNDLE_LOADER = "$(TEST_HOST)";
				CODE_SIGN_STYLE = Automatic;
				CURRENT_PROJECT_VERSION = 1;
				DEAD_CODE_STRIPPING = YES;
				GENERATE_INFOPLIST_FILE = YES;
				IPHONEOS_DEPLOYMENT_TARGET = 17.5;
				MACOSX_DEPLOYMENT_TARGET = 14.5;
				MARKETING_VERSION = 1.0;
				PRODUCT_BUNDLE_IDENTIFIER = de.StreakZTests;
				PRODUCT_NAME = "$(TARGET_NAME)";
				SDKROOT = auto;
				SUPPORTED_PLATFORMS = "iphoneos iphonesimulator macosx";
				SWIFT_EMIT_LOC_STRINGS = NO;
				SWIFT_VERSION = 5.0;
				TARGETED_DEVICE_FAMILY = "1,2";
				TEST_HOST = "$(BUILT_PRODUCTS_DIR)/StreakZ.app/$(BUNDLE_EXECUTABLE_FOLDER_PATH)/StreakZ";
			};
			name = Release;
		};
		6B082AA52C7E2DA6000F50DC /* Debug */ = {
			isa = XCBuildConfiguration;
			buildSettings = {
				ALWAYS_EMBED_SWIFT_STANDARD_LIBRARIES = YES;
				CODE_SIGN_STYLE = Automatic;
				CURRENT_PROJECT_VERSION = 1;
				DEAD_CODE_STRIPPING = YES;
				GENERATE_INFOPLIST_FILE = YES;
				IPHONEOS_DEPLOYMENT_TARGET = 17.5;
				MACOSX_DEPLOYMENT_TARGET = 14.5;
				MARKETING_VERSION = 1.0;
				PRODUCT_BUNDLE_IDENTIFIER = de.StreakZUITests;
				PRODUCT_NAME = "$(TARGET_NAME)";
				SDKROOT = auto;
				SUPPORTED_PLATFORMS = "iphoneos iphonesimulator macosx";
				SWIFT_EMIT_LOC_STRINGS = NO;
				SWIFT_VERSION = 5.0;
				TARGETED_DEVICE_FAMILY = "1,2";
				TEST_TARGET_NAME = StreakZ;
			};
			name = Debug;
		};
		6B082AA62C7E2DA6000F50DC /* Release */ = {
			isa = XCBuildConfiguration;
			buildSettings = {
				ALWAYS_EMBED_SWIFT_STANDARD_LIBRARIES = YES;
				CODE_SIGN_STYLE = Automatic;
				CURRENT_PROJECT_VERSION = 1;
				DEAD_CODE_STRIPPING = YES;
				GENERATE_INFOPLIST_FILE = YES;
				IPHONEOS_DEPLOYMENT_TARGET = 17.5;
				MACOSX_DEPLOYMENT_TARGET = 14.5;
				MARKETING_VERSION = 1.0;
				PRODUCT_BUNDLE_IDENTIFIER = de.StreakZUITests;
				PRODUCT_NAME = "$(TARGET_NAME)";
				SDKROOT = auto;
				SUPPORTED_PLATFORMS = "iphoneos iphonesimulator macosx";
				SWIFT_EMIT_LOC_STRINGS = NO;
				SWIFT_VERSION = 5.0;
				TARGETED_DEVICE_FAMILY = "1,2";
				TEST_TARGET_NAME = StreakZ;
			};
			name = Release;
		};
/* End XCBuildConfiguration section */

/* Begin XCConfigurationList section */
		6B082A742C7E2DA5000F50DC /* Build configuration list for PBXProject "StreakZ" */ = {
			isa = XCConfigurationList;
			buildConfigurations = (
				6B082A9C2C7E2DA6000F50DC /* Debug */,
				6B082A9D2C7E2DA6000F50DC /* Release */,
			);
			defaultConfigurationIsVisible = 0;
			defaultConfigurationName = Release;
		};
		6B082A9E2C7E2DA6000F50DC /* Build configuration list for PBXNativeTarget "StreakZ" */ = {
			isa = XCConfigurationList;
			buildConfigurations = (
				6B082A9F2C7E2DA6000F50DC /* Debug */,
				6B082AA02C7E2DA6000F50DC /* Release */,
			);
			defaultConfigurationIsVisible = 0;
			defaultConfigurationName = Release;
		};
		6B082AA12C7E2DA6000F50DC /* Build configuration list for PBXNativeTarget "StreakZTests" */ = {
			isa = XCConfigurationList;
			buildConfigurations = (
				6B082AA22C7E2DA6000F50DC /* Debug */,
				6B082AA32C7E2DA6000F50DC /* Release */,
			);
			defaultConfigurationIsVisible = 0;
			defaultConfigurationName = Release;
		};
		6B082AA42C7E2DA6000F50DC /* Build configuration list for PBXNativeTarget "StreakZUITests" */ = {
			isa = XCConfigurationList;
			buildConfigurations = (
				6B082AA52C7E2DA6000F50DC /* Debug */,
				6B082AA62C7E2DA6000F50DC /* Release */,
			);
			defaultConfigurationIsVisible = 0;
			defaultConfigurationName = Release;
		};
/* End XCConfigurationList section */

/* Begin XCVersionGroup section */
		6B082AA72C8A36DE000F50DC /* Habits.xcdatamodeld */ = {
			isa = XCVersionGroup;
			children = (
				6B082AA82C8A36DE000F50DC /* Habits.xcdatamodel */,
			);
			currentVersion = 6B082AA82C8A36DE000F50DC /* Habits.xcdatamodel */;
			path = Habits.xcdatamodeld;
			sourceTree = "<group>";
			versionGroupType = wrapper.xcdatamodel;
		};
/* End XCVersionGroup section */
	};
	rootObject = 6B082A712C7E2DA5000F50DC /* Project object */;
}
